
Microsoft Visual Studio Solution File, Format Version 12.00
# Visual Studio Version 17
VisualStudioVersion = 17.11.35219.272
MinimumVisualStudioVersion = 10.0.40219.1
Project("{FAE04EC0-301F-11D3-BF4B-00C04F79EFBC}") = "Coding-Assessment-CSharp", "Coding-Assessment-CSharp.csproj", "{7A39765C-A77A-49CA-AAE4-275A331AAB44}"
EndProject
Global
	GlobalSection(SolutionConfigurationPlatforms) = preSolution
		Debug|Any CPU = Debug|Any CPU
		Release|Any CPU = Release|Any CPU
	EndGlobalSection
	GlobalSection(ProjectConfigurationPlatforms) = postSolution
		{7A39765C-A77A-49CA-AAE4-275A331AAB44}.Debug|Any CPU.ActiveCfg = Debug|Any CPU
		{7A39765C-A77A-49CA-AAE4-275A331AAB44}.Debug|Any CPU.Build.0 = Debug|Any CPU
		{7A39765C-A77A-49CA-AAE4-275A331AAB44}.Release|Any CPU.ActiveCfg = Release|Any CPU
		{7A39765C-A77A-49CA-AAE4-275A331AAB44}.Release|Any CPU.Build.0 = Release|Any CPU
	EndGlobalSection
	GlobalSection(SolutionProperties) = preSolution
		HideSolutionNode = FALSE
	EndGlobalSection
	GlobalSection(ExtensibilityGlobals) = postSolution
		SolutionGuid = {849BF151-E1B0-49D3-9310-F240547EBBC6}
	EndGlobalSection
EndGlobal
